// !$*UTF8*$!
{
	archiveVersion = 1;
	classes = {
	};
	objectVersion = 56;
	objects = {

/* Begin PBXBuildFile section */
		5504A9412A8D3C8300F82CB0 /* PreviewProvider.swift in Sources */ = {isa = PBXBuildFile; fileRef = 5504A9402A8D3C8300F82CB0 /* PreviewProvider.swift */; };
		5504A9432A8DA5DE00F82CB0 /* CoinDetailsSectionModel.swift in Sources */ = {isa = PBXBuildFile; fileRef = 5504A9422A8DA5DE00F82CB0 /* CoinDetailsSectionModel.swift */; };
		5504A9452A8DD7F500F82CB0 /* CoinDetailsViewModel.swift in Sources */ = {isa = PBXBuildFile; fileRef = 5504A9442A8DD7F500F82CB0 /* CoinDetailsViewModel.swift */; };
		5504A9482A8EB2C500F82CB0 /* Kingfisher in Frameworks */ = {isa = PBXBuildFile; productRef = 5504A9472A8EB2C500F82CB0 /* Kingfisher */; };
		5504A94A2A8F20C700F82CB0 /* ChartDataModel.swift in Sources */ = {isa = PBXBuildFile; fileRef = 5504A9492A8F20C700F82CB0 /* ChartDataModel.swift */; };
		5504A94C2A8F223300F82CB0 /* Date.swift in Sources */ = {isa = PBXBuildFile; fileRef = 5504A94B2A8F223300F82CB0 /* Date.swift */; };
		5504A94E2A8F247700F82CB0 /* ChartView.swift in Sources */ = {isa = PBXBuildFile; fileRef = 5504A94D2A8F247700F82CB0 /* ChartView.swift */; };
		55268FF82A8491B100634E5B /* CryptoAppApp.swift in Sources */ = {isa = PBXBuildFile; fileRef = 55268FF72A8491B100634E5B /* CryptoAppApp.swift */; };
		55268FFA2A8491B100634E5B /* ContentView.swift in Sources */ = {isa = PBXBuildFile; fileRef = 55268FF92A8491B100634E5B /* ContentView.swift */; };
		55268FFC2A8491B500634E5B /* Assets.xcassets in Resources */ = {isa = PBXBuildFile; fileRef = 55268FFB2A8491B500634E5B /* Assets.xcassets */; };
		55268FFF2A8491B500634E5B /* Preview Assets.xcassets in Resources */ = {isa = PBXBuildFile; fileRef = 55268FFE2A8491B500634E5B /* Preview Assets.xcassets */; };
		5526900E2A8492DA00634E5B /* HomeView.swift in Sources */ = {isa = PBXBuildFile; fileRef = 5526900D2A8492DA00634E5B /* HomeView.swift */; };
		557CB8142A8B2892000E5314 /* Kingfisher in Frameworks */ = {isa = PBXBuildFile; productRef = 557CB8132A8B2892000E5314 /* Kingfisher */; };
		557CB8192A8B2C9F000E5314 /* CoinDetailsView.swift in Sources */ = {isa = PBXBuildFile; fileRef = 557CB8182A8B2C9F000E5314 /* CoinDetailsView.swift */; };
		557CB81D2A8B30E3000E5314 /* CoinDetailsSectionView.swift in Sources */ = {isa = PBXBuildFile; fileRef = 557CB81C2A8B30E3000E5314 /* CoinDetailsSectionView.swift */; };
		557CB81F2A8B31BD000E5314 /* StatisticView.swift in Sources */ = {isa = PBXBuildFile; fileRef = 557CB81E2A8B31BD000E5314 /* StatisticView.swift */; };
		557E6E252A89B16A007BDF10 /* Kingfisher in Frameworks */ = {isa = PBXBuildFile; productRef = 557E6E242A89B16A007BDF10 /* Kingfisher */; };
		557E6E272A89D2CE007BDF10 /* Double.swift in Sources */ = {isa = PBXBuildFile; fileRef = 557E6E262A89D2CE007BDF10 /* Double.swift */; };
		557EAA4F2A9169BF00434AF1 /* LoadingIndicatorView.swift in Sources */ = {isa = PBXBuildFile; fileRef = 557EAA4E2A9169BF00434AF1 /* LoadingIndicatorView.swift */; };
		557EAA512A916F1500434AF1 /* LazyNavigationView.swift in Sources */ = {isa = PBXBuildFile; fileRef = 557EAA502A916F1500434AF1 /* LazyNavigationView.swift */; };
		55AF01902A8BE8D4008D6462 /* Kingfisher in Frameworks */ = {isa = PBXBuildFile; productRef = 55AF018F2A8BE8D4008D6462 /* Kingfisher */; };
		55AF01922A8D0DF9008D6462 /* StatisticModel.swift in Sources */ = {isa = PBXBuildFile; fileRef = 55AF01912A8D0DF9008D6462 /* StatisticModel.swift */; };
		55F712D32A89862800FFB6C7 /* TopMoversView.swift in Sources */ = {isa = PBXBuildFile; fileRef = 55F712D22A89862800FFB6C7 /* TopMoversView.swift */; };
		55F712D52A89863A00FFB6C7 /* TopMoversItemView.swift in Sources */ = {isa = PBXBuildFile; fileRef = 55F712D42A89863A00FFB6C7 /* TopMoversItemView.swift */; };
		55F712D72A898CA000FFB6C7 /* AllCoinsView.swift in Sources */ = {isa = PBXBuildFile; fileRef = 55F712D62A898CA000FFB6C7 /* AllCoinsView.swift */; };
		55F712D92A898D7B00FFB6C7 /* CoinRowView.swift in Sources */ = {isa = PBXBuildFile; fileRef = 55F712D82A898D7B00FFB6C7 /* CoinRowView.swift */; };
		55F712DB2A8995A600FFB6C7 /* HomeViewModel.swift in Sources */ = {isa = PBXBuildFile; fileRef = 55F712DA2A8995A600FFB6C7 /* HomeViewModel.swift */; };
		55F712DD2A8998CC00FFB6C7 /* CoinModel.swift in Sources */ = {isa = PBXBuildFile; fileRef = 55F712DC2A8998CC00FFB6C7 /* CoinModel.swift */; };
/* End PBXBuildFile section */

/* Begin PBXFileReference section */
		5504A9402A8D3C8300F82CB0 /* PreviewProvider.swift */ = {isa = PBXFileReference; lastKnownFileType = sourcecode.swift; path = PreviewProvider.swift; sourceTree = "<group>"; };
		5504A9422A8DA5DE00F82CB0 /* CoinDetailsSectionModel.swift */ = {isa = PBXFileReference; lastKnownFileType = sourcecode.swift; path = CoinDetailsSectionModel.swift; sourceTree = "<group>"; };
		5504A9442A8DD7F500F82CB0 /* CoinDetailsViewModel.swift */ = {isa = PBXFileReference; lastKnownFileType = sourcecode.swift; path = CoinDetailsViewModel.swift; sourceTree = "<group>"; };
		5504A9492A8F20C700F82CB0 /* ChartDataModel.swift */ = {isa = PBXFileReference; lastKnownFileType = sourcecode.swift; path = ChartDataModel.swift; sourceTree = "<group>"; };
		5504A94B2A8F223300F82CB0 /* Date.swift */ = {isa = PBXFileReference; lastKnownFileType = sourcecode.swift; path = Date.swift; sourceTree = "<group>"; };
		5504A94D2A8F247700F82CB0 /* ChartView.swift */ = {isa = PBXFileReference; lastKnownFileType = sourcecode.swift; path = ChartView.swift; sourceTree = "<group>"; };
		55268FF42A8491B100634E5B /* CryptoApp.app */ = {isa = PBXFileReference; explicitFileType = wrapper.application; includeInIndex = 0; path = CryptoApp.app; sourceTree = BUILT_PRODUCTS_DIR; };
		55268FF72A8491B100634E5B /* CryptoAppApp.swift */ = {isa = PBXFileReference; lastKnownFileType = sourcecode.swift; path = CryptoAppApp.swift; sourceTree = "<group>"; };
		55268FF92A8491B100634E5B /* ContentView.swift */ = {isa = PBXFileReference; lastKnownFileType = sourcecode.swift; path = ContentView.swift; sourceTree = "<group>"; };
		55268FFB2A8491B500634E5B /* Assets.xcassets */ = {isa = PBXFileReference; lastKnownFileType = folder.assetcatalog; path = Assets.xcassets; sourceTree = "<group>"; };
		55268FFE2A8491B500634E5B /* Preview Assets.xcassets */ = {isa = PBXFileReference; lastKnownFileType = folder.assetcatalog; path = "Preview Assets.xcassets"; sourceTree = "<group>"; };
		5526900D2A8492DA00634E5B /* HomeView.swift */ = {isa = PBXFileReference; lastKnownFileType = sourcecode.swift; path = HomeView.swift; sourceTree = "<group>"; };
		557CB8182A8B2C9F000E5314 /* CoinDetailsView.swift */ = {isa = PBXFileReference; lastKnownFileType = sourcecode.swift; path = CoinDetailsView.swift; sourceTree = "<group>"; };
		557CB81C2A8B30E3000E5314 /* CoinDetailsSectionView.swift */ = {isa = PBXFileReference; lastKnownFileType = sourcecode.swift; path = CoinDetailsSectionView.swift; sourceTree = "<group>"; };
		557CB81E2A8B31BD000E5314 /* StatisticView.swift */ = {isa = PBXFileReference; lastKnownFileType = sourcecode.swift; path = StatisticView.swift; sourceTree = "<group>"; };
		557E6E262A89D2CE007BDF10 /* Double.swift */ = {isa = PBXFileReference; lastKnownFileType = sourcecode.swift; path = Double.swift; sourceTree = "<group>"; };
		557EAA4E2A9169BF00434AF1 /* LoadingIndicatorView.swift */ = {isa = PBXFileReference; lastKnownFileType = sourcecode.swift; path = LoadingIndicatorView.swift; sourceTree = "<group>"; };
		557EAA502A916F1500434AF1 /* LazyNavigationView.swift */ = {isa = PBXFileReference; lastKnownFileType = sourcecode.swift; path = LazyNavigationView.swift; sourceTree = "<group>"; };
		55AF01912A8D0DF9008D6462 /* StatisticModel.swift */ = {isa = PBXFileReference; lastKnownFileType = sourcecode.swift; path = StatisticModel.swift; sourceTree = "<group>"; };
		55F712D22A89862800FFB6C7 /* TopMoversView.swift */ = {isa = PBXFileReference; lastKnownFileType = sourcecode.swift; path = TopMoversView.swift; sourceTree = "<group>"; };
		55F712D42A89863A00FFB6C7 /* TopMoversItemView.swift */ = {isa = PBXFileReference; lastKnownFileType = sourcecode.swift; path = TopMoversItemView.swift; sourceTree = "<group>"; };
		55F712D62A898CA000FFB6C7 /* AllCoinsView.swift */ = {isa = PBXFileReference; lastKnownFileType = sourcecode.swift; path = AllCoinsView.swift; sourceTree = "<group>"; };
		55F712D82A898D7B00FFB6C7 /* CoinRowView.swift */ = {isa = PBXFileReference; lastKnownFileType = sourcecode.swift; path = CoinRowView.swift; sourceTree = "<group>"; };
		55F712DA2A8995A600FFB6C7 /* HomeViewModel.swift */ = {isa = PBXFileReference; lastKnownFileType = sourcecode.swift; path = HomeViewModel.swift; sourceTree = "<group>"; };
		55F712DC2A8998CC00FFB6C7 /* CoinModel.swift */ = {isa = PBXFileReference; lastKnownFileType = sourcecode.swift; path = CoinModel.swift; sourceTree = "<group>"; };
/* End PBXFileReference section */

/* Begin PBXFrameworksBuildPhase section */
		55268FF12A8491B100634E5B /* Frameworks */ = {
			isa = PBXFrameworksBuildPhase;
			buildActionMask = 2147483647;
			files = (
				5504A9482A8EB2C500F82CB0 /* Kingfisher in Frameworks */,
				55AF01902A8BE8D4008D6462 /* Kingfisher in Frameworks */,
				557CB8142A8B2892000E5314 /* Kingfisher in Frameworks */,
				557E6E252A89B16A007BDF10 /* Kingfisher in Frameworks */,
			);
			runOnlyForDeploymentPostprocessing = 0;
		};
/* End PBXFrameworksBuildPhase section */

/* Begin PBXGroup section */
		55268FEB2A8491B100634E5B = {
			isa = PBXGroup;
			children = (
				55268FF62A8491B100634E5B /* CryptoApp */,
				55268FF52A8491B100634E5B /* Products */,
			);
			sourceTree = "<group>";
		};
		55268FF52A8491B100634E5B /* Products */ = {
			isa = PBXGroup;
			children = (
				55268FF42A8491B100634E5B /* CryptoApp.app */,
			);
			name = Products;
			sourceTree = "<group>";
		};
		55268FF62A8491B100634E5B /* CryptoApp */ = {
			isa = PBXGroup;
			children = (
				552690092A84922A00634E5B /* App */,
				552690082A84922300634E5B /* Core */,
				552690072A84921E00634E5B /* Models */,
				552690062A84921200634E5B /* Extensions */,
				552690052A8491F900634E5B /* Utils */,
				55268FF92A8491B100634E5B /* ContentView.swift */,
				55268FFB2A8491B500634E5B /* Assets.xcassets */,
				55268FFD2A8491B500634E5B /* Preview Content */,
			);
			path = CryptoApp;
			sourceTree = "<group>";
		};
		55268FFD2A8491B500634E5B /* Preview Content */ = {
			isa = PBXGroup;
			children = (
				55268FFE2A8491B500634E5B /* Preview Assets.xcassets */,
			);
			path = "Preview Content";
			sourceTree = "<group>";
		};
		552690052A8491F900634E5B /* Utils */ = {
			isa = PBXGroup;
			children = (
				557EAA4E2A9169BF00434AF1 /* LoadingIndicatorView.swift */,
				557EAA502A916F1500434AF1 /* LazyNavigationView.swift */,
			);
			path = Utils;
			sourceTree = "<group>";
		};
		552690062A84921200634E5B /* Extensions */ = {
			isa = PBXGroup;
			children = (
				557E6E262A89D2CE007BDF10 /* Double.swift */,
				5504A9402A8D3C8300F82CB0 /* PreviewProvider.swift */,
				5504A94B2A8F223300F82CB0 /* Date.swift */,
			);
			path = Extensions;
			sourceTree = "<group>";
		};
		552690072A84921E00634E5B /* Models */ = {
			isa = PBXGroup;
			children = (
				55F712DC2A8998CC00FFB6C7 /* CoinModel.swift */,
				55AF01912A8D0DF9008D6462 /* StatisticModel.swift */,
				5504A9422A8DA5DE00F82CB0 /* CoinDetailsSectionModel.swift */,
				5504A9492A8F20C700F82CB0 /* ChartDataModel.swift */,
			);
			path = Models;
			sourceTree = "<group>";
		};
		552690082A84922300634E5B /* Core */ = {
			isa = PBXGroup;
			children = (
				557CB8152A8B2C57000E5314 /* CoinDetails */,
				5526900A2A84923800634E5B /* Home */,
			);
			path = Core;
			sourceTree = "<group>";
		};
		552690092A84922A00634E5B /* App */ = {
			isa = PBXGroup;
			children = (
				55268FF72A8491B100634E5B /* CryptoAppApp.swift */,
			);
			path = App;
			sourceTree = "<group>";
		};
		5526900A2A84923800634E5B /* Home */ = {
			isa = PBXGroup;
			children = (
				5526900C2A84929400634E5B /* ViewModels */,
				5526900B2A84928C00634E5B /* Views */,
			);
			path = Home;
			sourceTree = "<group>";
		};
		5526900B2A84928C00634E5B /* Views */ = {
			isa = PBXGroup;
			children = (
				5526900D2A8492DA00634E5B /* HomeView.swift */,
				55F712D22A89862800FFB6C7 /* TopMoversView.swift */,
				55F712D42A89863A00FFB6C7 /* TopMoversItemView.swift */,
				55F712D62A898CA000FFB6C7 /* AllCoinsView.swift */,
				55F712D82A898D7B00FFB6C7 /* CoinRowView.swift */,
			);
			path = Views;
			sourceTree = "<group>";
		};
		5526900C2A84929400634E5B /* ViewModels */ = {
			isa = PBXGroup;
			children = (
				55F712DA2A8995A600FFB6C7 /* HomeViewModel.swift */,
			);
			path = ViewModels;
			sourceTree = "<group>";
		};
		557CB8152A8B2C57000E5314 /* CoinDetails */ = {
			isa = PBXGroup;
			children = (
				557CB8172A8B2C84000E5314 /* Views */,
				557CB8162A8B2C75000E5314 /* ViewModels */,
			);
			name = CoinDetails;
			sourceTree = "<group>";
		};
		557CB8162A8B2C75000E5314 /* ViewModels */ = {
			isa = PBXGroup;
			children = (
				5504A9442A8DD7F500F82CB0 /* CoinDetailsViewModel.swift */,
			);
			name = ViewModels;
			sourceTree = "<group>";
		};
		557CB8172A8B2C84000E5314 /* Views */ = {
			isa = PBXGroup;
			children = (
				557CB8182A8B2C9F000E5314 /* CoinDetailsView.swift */,
				557CB81C2A8B30E3000E5314 /* CoinDetailsSectionView.swift */,
				557CB81E2A8B31BD000E5314 /* StatisticView.swift */,
				5504A94D2A8F247700F82CB0 /* ChartView.swift */,
			);
			name = Views;
			sourceTree = "<group>";
		};
/* End PBXGroup section */

/* Begin PBXNativeTarget section */
		55268FF32A8491B100634E5B /* CryptoApp */ = {
			isa = PBXNativeTarget;
			buildConfigurationList = 552690022A8491B500634E5B /* Build configuration list for PBXNativeTarget "CryptoApp" */;
			buildPhases = (
				55268FF02A8491B100634E5B /* Sources */,
				55268FF12A8491B100634E5B /* Frameworks */,
				55268FF22A8491B100634E5B /* Resources */,
			);
			buildRules = (
			);
			dependencies = (
			);
			name = CryptoApp;
			packageProductDependencies = (
				557E6E242A89B16A007BDF10 /* Kingfisher */,
				557CB8132A8B2892000E5314 /* Kingfisher */,
				55AF018F2A8BE8D4008D6462 /* Kingfisher */,
				5504A9472A8EB2C500F82CB0 /* Kingfisher */,
			);
			productName = CryptoApp;
			productReference = 55268FF42A8491B100634E5B /* CryptoApp.app */;
			productType = "com.apple.product-type.application";
		};
/* End PBXNativeTarget section */

/* Begin PBXProject section */
		55268FEC2A8491B100634E5B /* Project object */ = {
			isa = PBXProject;
			attributes = {
				BuildIndependentTargetsInParallel = 1;
				LastSwiftUpdateCheck = 1500;
				LastUpgradeCheck = 1500;
				TargetAttributes = {
					55268FF32A8491B100634E5B = {
						CreatedOnToolsVersion = 15.0;
					};
				};
			};
			buildConfigurationList = 55268FEF2A8491B100634E5B /* Build configuration list for PBXProject "CryptoApp" */;
			compatibilityVersion = "Xcode 14.0";
			developmentRegion = en;
			hasScannedForEncodings = 0;
			knownRegions = (
				en,
				Base,
			);
			mainGroup = 55268FEB2A8491B100634E5B;
			packageReferences = (
				557E6E232A89B16A007BDF10 /* XCRemoteSwiftPackageReference "Kingfisher" */,
				557CB8122A8B2892000E5314 /* XCRemoteSwiftPackageReference "Kingfisher" */,
				55AF018E2A8BE8D4008D6462 /* XCRemoteSwiftPackageReference "Kingfisher" */,
				5504A9462A8EB2C500F82CB0 /* XCRemoteSwiftPackageReference "Kingfisher" */,
			);
			productRefGroup = 55268FF52A8491B100634E5B /* Products */;
			projectDirPath = "";
			projectRoot = "";
			targets = (
				55268FF32A8491B100634E5B /* CryptoApp */,
			);
		};
/* End PBXProject section */

/* Begin PBXResourcesBuildPhase section */
		55268FF22A8491B100634E5B /* Resources */ = {
			isa = PBXResourcesBuildPhase;
			buildActionMask = 2147483647;
			files = (
				55268FFF2A8491B500634E5B /* Preview Assets.xcassets in Resources */,
				55268FFC2A8491B500634E5B /* Assets.xcassets in Resources */,
			);
			runOnlyForDeploymentPostprocessing = 0;
		};
/* End PBXResourcesBuildPhase section */

/* Begin PBXSourcesBuildPhase section */
		55268FF02A8491B100634E5B /* Sources */ = {
			isa = PBXSourcesBuildPhase;
			buildActionMask = 2147483647;
			files = (
				55F712D72A898CA000FFB6C7 /* AllCoinsView.swift in Sources */,
				55F712D32A89862800FFB6C7 /* TopMoversView.swift in Sources */,
				5526900E2A8492DA00634E5B /* HomeView.swift in Sources */,
				5504A94E2A8F247700F82CB0 /* ChartView.swift in Sources */,
				55268FFA2A8491B100634E5B /* ContentView.swift in Sources */,
				55268FF82A8491B100634E5B /* CryptoAppApp.swift in Sources */,
				5504A9412A8D3C8300F82CB0 /* PreviewProvider.swift in Sources */,
				55F712D92A898D7B00FFB6C7 /* CoinRowView.swift in Sources */,
				55F712DB2A8995A600FFB6C7 /* HomeViewModel.swift in Sources */,
				55F712DD2A8998CC00FFB6C7 /* CoinModel.swift in Sources */,
				557CB81F2A8B31BD000E5314 /* StatisticView.swift in Sources */,
				557CB8192A8B2C9F000E5314 /* CoinDetailsView.swift in Sources */,
				557E6E272A89D2CE007BDF10 /* Double.swift in Sources */,
				557CB81D2A8B30E3000E5314 /* CoinDetailsSectionView.swift in Sources */,
				5504A9432A8DA5DE00F82CB0 /* CoinDetailsSectionModel.swift in Sources */,
				5504A94A2A8F20C700F82CB0 /* ChartDataModel.swift in Sources */,
				55AF01922A8D0DF9008D6462 /* StatisticModel.swift in Sources */,
				5504A94C2A8F223300F82CB0 /* Date.swift in Sources */,
				557EAA4F2A9169BF00434AF1 /* LoadingIndicatorView.swift in Sources */,
				5504A9452A8DD7F500F82CB0 /* CoinDetailsViewModel.swift in Sources */,
				557EAA512A916F1500434AF1 /* LazyNavigationView.swift in Sources */,
				55F712D52A89863A00FFB6C7 /* TopMoversItemView.swift in Sources */,
			);
			runOnlyForDeploymentPostprocessing = 0;
		};
/* End PBXSourcesBuildPhase section */

/* Begin XCBuildConfiguration section */
		552690002A8491B500634E5B /* Debug */ = {
			isa = XCBuildConfiguration;
			buildSettings = {
				ALWAYS_SEARCH_USER_PATHS = NO;
				ASSETCATALOG_COMPILER_GENERATE_SWIFT_ASSET_SYMBOL_EXTENSIONS = YES;
				CLANG_ANALYZER_NONNULL = YES;
				CLANG_ANALYZER_NUMBER_OBJECT_CONVERSION = YES_AGGRESSIVE;
				CLANG_CXX_LANGUAGE_STANDARD = "gnu++20";
				CLANG_ENABLE_MODULES = YES;
				CLANG_ENABLE_OBJC_ARC = YES;
				CLANG_ENABLE_OBJC_WEAK = YES;
				CLANG_WARN_BLOCK_CAPTURE_AUTORELEASING = YES;
				CLANG_WARN_BOOL_CONVERSION = YES;
				CLANG_WARN_COMMA = YES;
				CLANG_WARN_CONSTANT_CONVERSION = YES;
				CLANG_WARN_DEPRECATED_OBJC_IMPLEMENTATIONS = YES;
				CLANG_WARN_DIRECT_OBJC_ISA_USAGE = YES_ERROR;
				CLANG_WARN_DOCUMENTATION_COMMENTS = YES;
				CLANG_WARN_EMPTY_BODY = YES;
				CLANG_WARN_ENUM_CONVERSION = YES;
				CLANG_WARN_INFINITE_RECURSION = YES;
				CLANG_WARN_INT_CONVERSION = YES;
				CLANG_WARN_NON_LITERAL_NULL_CONVERSION = YES;
				CLANG_WARN_OBJC_IMPLICIT_RETAIN_SELF = YES;
				CLANG_WARN_OBJC_LITERAL_CONVERSION = YES;
				CLANG_WARN_OBJC_ROOT_CLASS = YES_ERROR;
				CLANG_WARN_QUOTED_INCLUDE_IN_FRAMEWORK_HEADER = YES;
				CLANG_WARN_RANGE_LOOP_ANALYSIS = YES;
				CLANG_WARN_STRICT_PROTOTYPES = YES;
				CLANG_WARN_SUSPICIOUS_MOVE = YES;
				CLANG_WARN_UNGUARDED_AVAILABILITY = YES_AGGRESSIVE;
				CLANG_WARN_UNREACHABLE_CODE = YES;
				CLANG_WARN__DUPLICATE_METHOD_MATCH = YES;
				COPY_PHASE_STRIP = NO;
				DEBUG_INFORMATION_FORMAT = dwarf;
				ENABLE_STRICT_OBJC_MSGSEND = YES;
				ENABLE_TESTABILITY = YES;
				ENABLE_USER_SCRIPT_SANDBOXING = YES;
				GCC_C_LANGUAGE_STANDARD = gnu17;
				GCC_DYNAMIC_NO_PIC = NO;
				GCC_NO_COMMON_BLOCKS = YES;
				GCC_OPTIMIZATION_LEVEL = 0;
				GCC_PREPROCESSOR_DEFINITIONS = (
					"DEBUG=1",
					"$(inherited)",
				);
				GCC_WARN_64_TO_32_BIT_CONVERSION = YES;
				GCC_WARN_ABOUT_RETURN_TYPE = YES_ERROR;
				GCC_WARN_UNDECLARED_SELECTOR = YES;
				GCC_WARN_UNINITIALIZED_AUTOS = YES_AGGRESSIVE;
				GCC_WARN_UNUSED_FUNCTION = YES;
				GCC_WARN_UNUSED_VARIABLE = YES;
				IPHONEOS_DEPLOYMENT_TARGET = 17.0;
				LOCALIZATION_PREFERS_STRING_CATALOGS = YES;
				MTL_ENABLE_DEBUG_INFO = INCLUDE_SOURCE;
				MTL_FAST_MATH = YES;
				ONLY_ACTIVE_ARCH = YES;
				SDKROOT = iphoneos;
				SWIFT_ACTIVE_COMPILATION_CONDITIONS = "DEBUG $(inherited)";
				SWIFT_OPTIMIZATION_LEVEL = "-Onone";
			};
			name = Debug;
		};
		552690012A8491B500634E5B /* Release */ = {
			isa = XCBuildConfiguration;
			buildSettings = {
				ALWAYS_SEARCH_USER_PATHS = NO;
				ASSETCATALOG_COMPILER_GENERATE_SWIFT_ASSET_SYMBOL_EXTENSIONS = YES;
				CLANG_ANALYZER_NONNULL = YES;
				CLANG_ANALYZER_NUMBER_OBJECT_CONVERSION = YES_AGGRESSIVE;
				CLANG_CXX_LANGUAGE_STANDARD = "gnu++20";
				CLANG_ENABLE_MODULES = YES;
				CLANG_ENABLE_OBJC_ARC = YES;
				CLANG_ENABLE_OBJC_WEAK = YES;
				CLANG_WARN_BLOCK_CAPTURE_AUTORELEASING = YES;
				CLANG_WARN_BOOL_CONVERSION = YES;
				CLANG_WARN_COMMA = YES;
				CLANG_WARN_CONSTANT_CONVERSION = YES;
				CLANG_WARN_DEPRECATED_OBJC_IMPLEMENTATIONS = YES;
				CLANG_WARN_DIRECT_OBJC_ISA_USAGE = YES_ERROR;
				CLANG_WARN_DOCUMENTATION_COMMENTS = YES;
				CLANG_WARN_EMPTY_BODY = YES;
				CLANG_WARN_ENUM_CONVERSION = YES;
				CLANG_WARN_INFINITE_RECURSION = YES;
				CLANG_WARN_INT_CONVERSION = YES;
				CLANG_WARN_NON_LITERAL_NULL_CONVERSION = YES;
				CLANG_WARN_OBJC_IMPLICIT_RETAIN_SELF = YES;
				CLANG_WARN_OBJC_LITERAL_CONVERSION = YES;
				CLANG_WARN_OBJC_ROOT_CLASS = YES_ERROR;
				CLANG_WARN_QUOTED_INCLUDE_IN_FRAMEWORK_HEADER = YES;
				CLANG_WARN_RANGE_LOOP_ANALYSIS = YES;
				CLANG_WARN_STRICT_PROTOTYPES = YES;
				CLANG_WARN_SUSPICIOUS_MOVE = YES;
				CLANG_WARN_UNGUARDED_AVAILABILITY = YES_AGGRESSIVE;
				CLANG_WARN_UNREACHABLE_CODE = YES;
				CLANG_WARN__DUPLICATE_METHOD_MATCH = YES;
				COPY_PHASE_STRIP = NO;
				DEBUG_INFORMATION_FORMAT = "dwarf-with-dsym";
				ENABLE_NS_ASSERTIONS = NO;
				ENABLE_STRICT_OBJC_MSGSEND = YES;
				ENABLE_USER_SCRIPT_SANDBOXING = YES;
				GCC_C_LANGUAGE_STANDARD = gnu17;
				GCC_NO_COMMON_BLOCKS = YES;
				GCC_WARN_64_TO_32_BIT_CONVERSION = YES;
				GCC_WARN_ABOUT_RETURN_TYPE = YES_ERROR;
				GCC_WARN_UNDECLARED_SELECTOR = YES;
				GCC_WARN_UNINITIALIZED_AUTOS = YES_AGGRESSIVE;
				GCC_WARN_UNUSED_FUNCTION = YES;
				GCC_WARN_UNUSED_VARIABLE = YES;
				IPHONEOS_DEPLOYMENT_TARGET = 17.0;
				LOCALIZATION_PREFERS_STRING_CATALOGS = YES;
				MTL_ENABLE_DEBUG_INFO = NO;
				MTL_FAST_MATH = YES;
				SDKROOT = iphoneos;
				SWIFT_COMPILATION_MODE = wholemodule;
				VALIDATE_PRODUCT = YES;
			};
			name = Release;
		};
		552690032A8491B500634E5B /* Debug */ = {
			isa = XCBuildConfiguration;
			buildSettings = {
				ASSETCATALOG_COMPILER_APPICON_NAME = AppIcon;
				ASSETCATALOG_COMPILER_GLOBAL_ACCENT_COLOR_NAME = AccentColor;
				CODE_SIGN_STYLE = Automatic;
				CURRENT_PROJECT_VERSION = 1;
				DEVELOPMENT_ASSET_PATHS = "\"CryptoApp/Preview Content\"";
				DEVELOPMENT_TEAM = XP526KACV7;
				ENABLE_PREVIEWS = YES;
				GENERATE_INFOPLIST_FILE = YES;
				INFOPLIST_KEY_UIApplicationSceneManifest_Generation = YES;
				INFOPLIST_KEY_UIApplicationSupportsIndirectInputEvents = YES;
				INFOPLIST_KEY_UILaunchScreen_Generation = YES;
				INFOPLIST_KEY_UISupportedInterfaceOrientations_iPad = "UIInterfaceOrientationPortrait UIInterfaceOrientationPortraitUpsideDown UIInterfaceOrientationLandscapeLeft UIInterfaceOrientationLandscapeRight";
				INFOPLIST_KEY_UISupportedInterfaceOrientations_iPhone = "UIInterfaceOrientationPortrait UIInterfaceOrientationLandscapeLeft UIInterfaceOrientationLandscapeRight";
				LD_RUNPATH_SEARCH_PATHS = (
					"$(inherited)",
					"@executable_path/Frameworks",
				);
				MARKETING_VERSION = 1.0;
				PRODUCT_BUNDLE_IDENTIFIER = xc.CryptoApp;
				PRODUCT_NAME = "$(TARGET_NAME)";
				SWIFT_EMIT_LOC_STRINGS = YES;
				SWIFT_VERSION = 5.0;
				TARGETED_DEVICE_FAMILY = "1,2";
			};
			name = Debug;
		};
		552690042A8491B500634E5B /* Release */ = {
			isa = XCBuildConfiguration;
			buildSettings = {
				ASSETCATALOG_COMPILER_APPICON_NAME = AppIcon;
				ASSETCATALOG_COMPILER_GLOBAL_ACCENT_COLOR_NAME = AccentColor;
				CODE_SIGN_STYLE = Automatic;
				CURRENT_PROJECT_VERSION = 1;
				DEVELOPMENT_ASSET_PATHS = "\"CryptoApp/Preview Content\"";
				DEVELOPMENT_TEAM = XP526KACV7;
				ENABLE_PREVIEWS = YES;
				GENERATE_INFOPLIST_FILE = YES;
				INFOPLIST_KEY_UIApplicationSceneManifest_Generation = YES;
				INFOPLIST_KEY_UIApplicationSupportsIndirectInputEvents = YES;
				INFOPLIST_KEY_UILaunchScreen_Generation = YES;
				INFOPLIST_KEY_UISupportedInterfaceOrientations_iPad = "UIInterfaceOrientationPortrait UIInterfaceOrientationPortraitUpsideDown UIInterfaceOrientationLandscapeLeft UIInterfaceOrientationLandscapeRight";
				INFOPLIST_KEY_UISupportedInterfaceOrientations_iPhone = "UIInterfaceOrientationPortrait UIInterfaceOrientationLandscapeLeft UIInterfaceOrientationLandscapeRight";
				LD_RUNPATH_SEARCH_PATHS = (
					"$(inherited)",
					"@executable_path/Frameworks",
				);
				MARKETING_VERSION = 1.0;
				PRODUCT_BUNDLE_IDENTIFIER = xc.CryptoApp;
				PRODUCT_NAME = "$(TARGET_NAME)";
				SWIFT_EMIT_LOC_STRINGS = YES;
				SWIFT_VERSION = 5.0;
				TARGETED_DEVICE_FAMILY = "1,2";
			};
			name = Release;
		};
/* End XCBuildConfiguration section */

/* Begin XCConfigurationList section */
		55268FEF2A8491B100634E5B /* Build configuration list for PBXProject "CryptoApp" */ = {
			isa = XCConfigurationList;
			buildConfigurations = (
				552690002A8491B500634E5B /* Debug */,
				552690012A8491B500634E5B /* Release */,
			);
			defaultConfigurationIsVisible = 0;
			defaultConfigurationName = Release;
		};
		552690022A8491B500634E5B /* Build configuration list for PBXNativeTarget "CryptoApp" */ = {
			isa = XCConfigurationList;
			buildConfigurations = (
				552690032A8491B500634E5B /* Debug */,
				552690042A8491B500634E5B /* Release */,
			);
			defaultConfigurationIsVisible = 0;
			defaultConfigurationName = Release;
		};
/* End XCConfigurationList section */

/* Begin XCRemoteSwiftPackageReference section */
		5504A9462A8EB2C500F82CB0 /* XCRemoteSwiftPackageReference "Kingfisher" */ = {
			isa = XCRemoteSwiftPackageReference;
			repositoryURL = "https://github.com/onevcat/Kingfisher";
			requirement = {
				kind = upToNextMajorVersion;
				minimumVersion = 7.9.0;
			};
		};
		557CB8122A8B2892000E5314 /* XCRemoteSwiftPackageReference "Kingfisher" */ = {
			isa = XCRemoteSwiftPackageReference;
			repositoryURL = "https://github.com/onevcat/Kingfisher";
			requirement = {
				kind = upToNextMajorVersion;
				minimumVersion = 7.9.0;
			};
		};
		557E6E232A89B16A007BDF10 /* XCRemoteSwiftPackageReference "Kingfisher" */ = {
			isa = XCRemoteSwiftPackageReference;
			repositoryURL = "https://github.com/onevcat/Kingfisher";
			requirement = {
				kind = upToNextMajorVersion;
				minimumVersion = 7.9.0;
			};
		};
		55AF018E2A8BE8D4008D6462 /* XCRemoteSwiftPackageReference "Kingfisher" */ = {
			isa = XCRemoteSwiftPackageReference;
			repositoryURL = "https://github.com/onevcat/Kingfisher";
			requirement = {
				kind = upToNextMajorVersion;
				minimumVersion = 7.9.0;
			};
		};
/* End XCRemoteSwiftPackageReference section */

/* Begin XCSwiftPackageProductDependency section */
		5504A9472A8EB2C500F82CB0 /* Kingfisher */ = {
			isa = XCSwiftPackageProductDependency;
			package = 557E6E232A89B16A007BDF10 /* XCRemoteSwiftPackageReference "Kingfisher" */;
			productName = Kingfisher;
		};
		557CB8132A8B2892000E5314 /* Kingfisher */ = {
			isa = XCSwiftPackageProductDependency;
			package = 557E6E232A89B16A007BDF10 /* XCRemoteSwiftPackageReference "Kingfisher" */;
			productName = Kingfisher;
		};
		557E6E242A89B16A007BDF10 /* Kingfisher */ = {
			isa = XCSwiftPackageProductDependency;
			package = 557E6E232A89B16A007BDF10 /* XCRemoteSwiftPackageReference "Kingfisher" */;
			productName = Kingfisher;
		};
		55AF018F2A8BE8D4008D6462 /* Kingfisher */ = {
			isa = XCSwiftPackageProductDependency;
			package = 557E6E232A89B16A007BDF10 /* XCRemoteSwiftPackageReference "Kingfisher" */;
			productName = Kingfisher;
		};
/* End XCSwiftPackageProductDependency section */
	};
	rootObject = 55268FEC2A8491B100634E5B /* Project object */;
}
